
Microsoft Visual Studio Solution File, Format Version 12.00
# Visual Studio 15
VisualStudioVersion = 15.0.27130.2036
MinimumVisualStudioVersion = 10.0.40219.1
Project("{E24C65DC-7377-472B-9ABA-BC803B73C61A}") = "WebSpeak", "WebSpeak\", "{9B1A0F48-3564-4027-AD99-786DFBBFA22B}"
	ProjectSection(WebsiteProperties) = preProject
		TargetFrameworkMoniker = ".NETFramework,Version%3Dv4.6.1"
		Debug.AspNetCompiler.VirtualPath = "/localhost_51650"
		Debug.AspNetCompiler.PhysicalPath = "WebSpeak\"
		Debug.AspNetCompiler.TargetPath = "PrecompiledWeb\localhost_51650\"
		Debug.AspNetCompiler.Updateable = "true"
		Debug.AspNetCompiler.ForceOverwrite = "true"
		Debug.AspNetCompiler.FixedNames = "false"
		Debug.AspNetCompiler.Debug = "True"
		Release.AspNetCompiler.VirtualPath = "/localhost_51650"
		Release.AspNetCompiler.PhysicalPath = "WebSpeak\"
		Release.AspNetCompiler.TargetPath = "PrecompiledWeb\localhost_51650\"
		Release.AspNetCompiler.Updateable = "true"
		Release.AspNetCompiler.ForceOverwrite = "true"
		Release.AspNetCompiler.FixedNames = "false"
		Release.AspNetCompiler.Debug = "False"
		VWDPort = "51650"
		SlnRelativePath = "WebSpeak\"
		DefaultWebSiteLanguage = "Visual C#"
	EndProjectSection
EndProject
Global
	GlobalSection(SolutionConfigurationPlatforms) = preSolution
		Debug|Any CPU = Debug|Any CPU
	EndGlobalSection
	GlobalSection(ProjectConfigurationPlatforms) = postSolution
		{9B1A0F48-3564-4027-AD99-786DFBBFA22B}.Debug|Any CPU.ActiveCfg = Debug|Any CPU
		{9B1A0F48-3564-4027-AD99-786DFBBFA22B}.Debug|Any CPU.Build.0 = Debug|Any CPU
	EndGlobalSection
	GlobalSection(SolutionProperties) = preSolution
		HideSolutionNode = FALSE
	EndGlobalSection
	GlobalSection(ExtensibilityGlobals) = postSolution
		SolutionGuid = {94E8B283-EB47-422B-AC6B-5033D45155F0}
	EndGlobalSection
EndGlobal
